// !$*UTF8*$!
{
	archiveVersion = 1;
	classes = {
	};
	objectVersion = 51;
	objects = {

/* Begin PBXBuildFile section */
		5BC39AFFACAFB9056C0E2BC7 /* Pods_DarkPawControl_DarkPawControlUITests.framework in Frameworks */ = {isa = PBXBuildFile; fileRef = 935FCB4F0ED97224338FAD47 /* Pods_DarkPawControl_DarkPawControlUITests.framework */; };
		85782F1124B749E868402763 /* Pods_DarkPawControlTests.framework in Frameworks */ = {isa = PBXBuildFile; fileRef = 75AC0DD202CADC77D874ECE3 /* Pods_DarkPawControlTests.framework */; };
		DA5797DE23EFECA400DF4FD9 /* AppDelegate.swift in Sources */ = {isa = PBXBuildFile; fileRef = DA5797DD23EFECA400DF4FD9 /* AppDelegate.swift */; };
		DA5797E023EFECA400DF4FD9 /* SceneDelegate.swift in Sources */ = {isa = PBXBuildFile; fileRef = DA5797DF23EFECA400DF4FD9 /* SceneDelegate.swift */; };
		DA5797E223EFECA400DF4FD9 /* ViewController.swift in Sources */ = {isa = PBXBuildFile; fileRef = DA5797E123EFECA400DF4FD9 /* ViewController.swift */; };
		DA5797E523EFECA400DF4FD9 /* Main.storyboard in Resources */ = {isa = PBXBuildFile; fileRef = DA5797E323EFECA400DF4FD9 /* Main.storyboard */; };
		DA5797E823EFECA400DF4FD9 /* DarkPawControl.xcdatamodeld in Sources */ = {isa = PBXBuildFile; fileRef = DA5797E623EFECA400DF4FD9 /* DarkPawControl.xcdatamodeld */; };
		DA5797EA23EFECA600DF4FD9 /* Assets.xcassets in Resources */ = {isa = PBXBuildFile; fileRef = DA5797E923EFECA600DF4FD9 /* Assets.xcassets */; };
		DA5797ED23EFECA600DF4FD9 /* LaunchScreen.storyboard in Resources */ = {isa = PBXBuildFile; fileRef = DA5797EB23EFECA600DF4FD9 /* LaunchScreen.storyboard */; };
		DA5797F823EFECA600DF4FD9 /* DarkPawControlTests.swift in Sources */ = {isa = PBXBuildFile; fileRef = DA5797F723EFECA600DF4FD9 /* DarkPawControlTests.swift */; };
		DA57980323EFECA600DF4FD9 /* DarkPawControlUITests.swift in Sources */ = {isa = PBXBuildFile; fileRef = DA57980223EFECA600DF4FD9 /* DarkPawControlUITests.swift */; };
		DA77003024040E9500E8AF63 /* NetworkExtension.framework in Frameworks */ = {isa = PBXBuildFile; fileRef = DA77002F24040E9500E8AF63 /* NetworkExtension.framework */; };
		EC8D4C59AB00805C3DD3E374 /* Pods_DarkPawControl.framework in Frameworks */ = {isa = PBXBuildFile; fileRef = F1FF6B5DE399A601B15AD038 /* Pods_DarkPawControl.framework */; };
/* End PBXBuildFile section */

/* Begin PBXContainerItemProxy section */
		DA5797F423EFECA600DF4FD9 /* PBXContainerItemProxy */ = {
			isa = PBXContainerItemProxy;
			containerPortal = DA5797D223EFECA400DF4FD9 /* Project object */;
			proxyType = 1;
			remoteGlobalIDString = DA5797D923EFECA400DF4FD9;
			remoteInfo = DarkPawControl;
		};
		DA5797FF23EFECA600DF4FD9 /* PBXContainerItemProxy */ = {
			isa = PBXContainerItemProxy;
			containerPortal = DA5797D223EFECA400DF4FD9 /* Project object */;
			proxyType = 1;
			remoteGlobalIDString = DA5797D923EFECA400DF4FD9;
			remoteInfo = DarkPawControl;
		};
/* End PBXContainerItemProxy section */

/* Begin PBXFileReference section */
		29C35DA62CFF627DE9D9AFF7 /* Pods-DarkPawControl-DarkPawControlUITests.release.xcconfig */ = {isa = PBXFileReference; includeInIndex = 1; lastKnownFileType = text.xcconfig; name = "Pods-DarkPawControl-DarkPawControlUITests.release.xcconfig"; path = "Target Support Files/Pods-DarkPawControl-DarkPawControlUITests/Pods-DarkPawControl-DarkPawControlUITests.release.xcconfig"; sourceTree = "<group>"; };
		4D8650619820A16D08D7C227 /* Pods-DarkPawControl-DarkPawControlUITests.debug.xcconfig */ = {isa = PBXFileReference; includeInIndex = 1; lastKnownFileType = text.xcconfig; name = "Pods-DarkPawControl-DarkPawControlUITests.debug.xcconfig"; path = "Target Support Files/Pods-DarkPawControl-DarkPawControlUITests/Pods-DarkPawControl-DarkPawControlUITests.debug.xcconfig"; sourceTree = "<group>"; };
		661C6D32369A2985DD3495CD /* Pods-DarkPawControl.debug.xcconfig */ = {isa = PBXFileReference; includeInIndex = 1; lastKnownFileType = text.xcconfig; name = "Pods-DarkPawControl.debug.xcconfig"; path = "Target Support Files/Pods-DarkPawControl/Pods-DarkPawControl.debug.xcconfig"; sourceTree = "<group>"; };
		75AC0DD202CADC77D874ECE3 /* Pods_DarkPawControlTests.framework */ = {isa = PBXFileReference; explicitFileType = wrapper.framework; includeInIndex = 0; path = Pods_DarkPawControlTests.framework; sourceTree = BUILT_PRODUCTS_DIR; };
		868283BEF257FEBE6AC69F55 /* Pods-DarkPawControl.release.xcconfig */ = {isa = PBXFileReference; includeInIndex = 1; lastKnownFileType = text.xcconfig; name = "Pods-DarkPawControl.release.xcconfig"; path = "Target Support Files/Pods-DarkPawControl/Pods-DarkPawControl.release.xcconfig"; sourceTree = "<group>"; };
		8F7377B7EA4C1C62EB9C0044 /* Pods-DarkPawControlTests.debug.xcconfig */ = {isa = PBXFileReference; includeInIndex = 1; lastKnownFileType = text.xcconfig; name = "Pods-DarkPawControlTests.debug.xcconfig"; path = "Target Support Files/Pods-DarkPawControlTests/Pods-DarkPawControlTests.debug.xcconfig"; sourceTree = "<group>"; };
		91CEBF5EEE1D0213C3B8AC14 /* Pods-DarkPawControlTests.release.xcconfig */ = {isa = PBXFileReference; includeInIndex = 1; lastKnownFileType = text.xcconfig; name = "Pods-DarkPawControlTests.release.xcconfig"; path = "Target Support Files/Pods-DarkPawControlTests/Pods-DarkPawControlTests.release.xcconfig"; sourceTree = "<group>"; };
		935FCB4F0ED97224338FAD47 /* Pods_DarkPawControl_DarkPawControlUITests.framework */ = {isa = PBXFileReference; explicitFileType = wrapper.framework; includeInIndex = 0; path = Pods_DarkPawControl_DarkPawControlUITests.framework; sourceTree = BUILT_PRODUCTS_DIR; };
		DA5797DA23EFECA400DF4FD9 /* DarkPawControl.app */ = {isa = PBXFileReference; explicitFileType = wrapper.application; includeInIndex = 0; path = DarkPawControl.app; sourceTree = BUILT_PRODUCTS_DIR; };
		DA5797DD23EFECA400DF4FD9 /* AppDelegate.swift */ = {isa = PBXFileReference; lastKnownFileType = sourcecode.swift; path = AppDelegate.swift; sourceTree = "<group>"; };
		DA5797DF23EFECA400DF4FD9 /* SceneDelegate.swift */ = {isa = PBXFileReference; lastKnownFileType = sourcecode.swift; path = SceneDelegate.swift; sourceTree = "<group>"; };
		DA5797E123EFECA400DF4FD9 /* ViewController.swift */ = {isa = PBXFileReference; lastKnownFileType = sourcecode.swift; path = ViewController.swift; sourceTree = "<group>"; };
		DA5797E423EFECA400DF4FD9 /* Base */ = {isa = PBXFileReference; lastKnownFileType = file.storyboard; name = Base; path = Base.lproj/Main.storyboard; sourceTree = "<group>"; };
		DA5797E723EFECA400DF4FD9 /* DarkPawControl.xcdatamodel */ = {isa = PBXFileReference; lastKnownFileType = wrapper.xcdatamodel; path = DarkPawControl.xcdatamodel; sourceTree = "<group>"; };
		DA5797E923EFECA600DF4FD9 /* Assets.xcassets */ = {isa = PBXFileReference; lastKnownFileType = folder.assetcatalog; path = Assets.xcassets; sourceTree = "<group>"; };
		DA5797EC23EFECA600DF4FD9 /* Base */ = {isa = PBXFileReference; lastKnownFileType = file.storyboard; name = Base; path = Base.lproj/LaunchScreen.storyboard; sourceTree = "<group>"; };
		DA5797EE23EFECA600DF4FD9 /* Info.plist */ = {isa = PBXFileReference; lastKnownFileType = text.plist.xml; path = Info.plist; sourceTree = "<group>"; };
		DA5797F323EFECA600DF4FD9 /* DarkPawControlTests.xctest */ = {isa = PBXFileReference; explicitFileType = wrapper.cfbundle; includeInIndex = 0; path = DarkPawControlTests.xctest; sourceTree = BUILT_PRODUCTS_DIR; };
		DA5797F723EFECA600DF4FD9 /* DarkPawControlTests.swift */ = {isa = PBXFileReference; lastKnownFileType = sourcecode.swift; path = DarkPawControlTests.swift; sourceTree = "<group>"; };
		DA5797F923EFECA600DF4FD9 /* Info.plist */ = {isa = PBXFileReference; lastKnownFileType = text.plist.xml; path = Info.plist; sourceTree = "<group>"; };
		DA5797FE23EFECA600DF4FD9 /* DarkPawControlUITests.xctest */ = {isa = PBXFileReference; explicitFileType = wrapper.cfbundle; includeInIndex = 0; path = DarkPawControlUITests.xctest; sourceTree = BUILT_PRODUCTS_DIR; };
		DA57980223EFECA600DF4FD9 /* DarkPawControlUITests.swift */ = {isa = PBXFileReference; lastKnownFileType = sourcecode.swift; path = DarkPawControlUITests.swift; sourceTree = "<group>"; };
		DA57980423EFECA600DF4FD9 /* Info.plist */ = {isa = PBXFileReference; lastKnownFileType = text.plist.xml; path = Info.plist; sourceTree = "<group>"; };
		DA77002E24040E9500E8AF63 /* DarkPawControl.entitlements */ = {isa = PBXFileReference; lastKnownFileType = text.plist.entitlements; path = DarkPawControl.entitlements; sourceTree = "<group>"; };
		DA77002F24040E9500E8AF63 /* NetworkExtension.framework */ = {isa = PBXFileReference; lastKnownFileType = wrapper.framework; name = NetworkExtension.framework; path = System/Library/Frameworks/NetworkExtension.framework; sourceTree = SDKROOT; };
		F1FF6B5DE399A601B15AD038 /* Pods_DarkPawControl.framework */ = {isa = PBXFileReference; explicitFileType = wrapper.framework; includeInIndex = 0; path = Pods_DarkPawControl.framework; sourceTree = BUILT_PRODUCTS_DIR; };
/* End PBXFileReference section */

/* Begin PBXFrameworksBuildPhase section */
		DA5797D723EFECA400DF4FD9 /* Frameworks */ = {
			isa = PBXFrameworksBuildPhase;
			buildActionMask = 2147483647;
			files = (
				EC8D4C59AB00805C3DD3E374 /* Pods_DarkPawControl.framework in Frameworks */,
				DA77003024040E9500E8AF63 /* NetworkExtension.framework in Frameworks */,
			);
			runOnlyForDeploymentPostprocessing = 0;
		};
		DA5797F023EFECA600DF4FD9 /* Frameworks */ = {
			isa = PBXFrameworksBuildPhase;
			buildActionMask = 2147483647;
			files = (
				85782F1124B749E868402763 /* Pods_DarkPawControlTests.framework in Frameworks */,
			);
			runOnlyForDeploymentPostprocessing = 0;
		};
		DA5797FB23EFECA600DF4FD9 /* Frameworks */ = {
			isa = PBXFrameworksBuildPhase;
			buildActionMask = 2147483647;
			files = (
				5BC39AFFACAFB9056C0E2BC7 /* Pods_DarkPawControl_DarkPawControlUITests.framework in Frameworks */,
			);
			runOnlyForDeploymentPostprocessing = 0;
		};
/* End PBXFrameworksBuildPhase section */

/* Begin PBXGroup section */
		49AC6FC3E2E8681D6106B3D9 /* Frameworks */ = {
			isa = PBXGroup;
			children = (
				DA77002F24040E9500E8AF63 /* NetworkExtension.framework */,
				F1FF6B5DE399A601B15AD038 /* Pods_DarkPawControl.framework */,
				935FCB4F0ED97224338FAD47 /* Pods_DarkPawControl_DarkPawControlUITests.framework */,
				75AC0DD202CADC77D874ECE3 /* Pods_DarkPawControlTests.framework */,
			);
			name = Frameworks;
			sourceTree = "<group>";
		};
		82C3F82B588A5B3E68B758F9 /* Pods */ = {
			isa = PBXGroup;
			children = (
				661C6D32369A2985DD3495CD /* Pods-DarkPawControl.debug.xcconfig */,
				868283BEF257FEBE6AC69F55 /* Pods-DarkPawControl.release.xcconfig */,
				4D8650619820A16D08D7C227 /* Pods-DarkPawControl-DarkPawControlUITests.debug.xcconfig */,
				29C35DA62CFF627DE9D9AFF7 /* Pods-DarkPawControl-DarkPawControlUITests.release.xcconfig */,
				8F7377B7EA4C1C62EB9C0044 /* Pods-DarkPawControlTests.debug.xcconfig */,
				91CEBF5EEE1D0213C3B8AC14 /* Pods-DarkPawControlTests.release.xcconfig */,
			);
			path = Pods;
			sourceTree = "<group>";
		};
		DA5797D123EFECA400DF4FD9 = {
			isa = PBXGroup;
			children = (
				DA5797DC23EFECA400DF4FD9 /* DarkPawControl */,
				DA5797F623EFECA600DF4FD9 /* DarkPawControlTests */,
				DA57980123EFECA600DF4FD9 /* DarkPawControlUITests */,
				DA5797DB23EFECA400DF4FD9 /* Products */,
				82C3F82B588A5B3E68B758F9 /* Pods */,
				49AC6FC3E2E8681D6106B3D9 /* Frameworks */,
			);
			sourceTree = "<group>";
		};
		DA5797DB23EFECA400DF4FD9 /* Products */ = {
			isa = PBXGroup;
			children = (
				DA5797DA23EFECA400DF4FD9 /* DarkPawControl.app */,
				DA5797F323EFECA600DF4FD9 /* DarkPawControlTests.xctest */,
				DA5797FE23EFECA600DF4FD9 /* DarkPawControlUITests.xctest */,
			);
			name = Products;
			sourceTree = "<group>";
		};
		DA5797DC23EFECA400DF4FD9 /* DarkPawControl */ = {
			isa = PBXGroup;
			children = (
				DA77002E24040E9500E8AF63 /* DarkPawControl.entitlements */,
				DA5797DD23EFECA400DF4FD9 /* AppDelegate.swift */,
				DA5797DF23EFECA400DF4FD9 /* SceneDelegate.swift */,
				DA5797E123EFECA400DF4FD9 /* ViewController.swift */,
				DA5797E323EFECA400DF4FD9 /* Main.storyboard */,
				DA5797E923EFECA600DF4FD9 /* Assets.xcassets */,
				DA5797EB23EFECA600DF4FD9 /* LaunchScreen.storyboard */,
				DA5797EE23EFECA600DF4FD9 /* Info.plist */,
				DA5797E623EFECA400DF4FD9 /* DarkPawControl.xcdatamodeld */,
			);
			path = DarkPawControl;
			sourceTree = "<group>";
		};
		DA5797F623EFECA600DF4FD9 /* DarkPawControlTests */ = {
			isa = PBXGroup;
			children = (
				DA5797F723EFECA600DF4FD9 /* DarkPawControlTests.swift */,
				DA5797F923EFECA600DF4FD9 /* Info.plist */,
			);
			path = DarkPawControlTests;
			sourceTree = "<group>";
		};
		DA57980123EFECA600DF4FD9 /* DarkPawControlUITests */ = {
			isa = PBXGroup;
			children = (
				DA57980223EFECA600DF4FD9 /* DarkPawControlUITests.swift */,
				DA57980423EFECA600DF4FD9 /* Info.plist */,
			);
			path = DarkPawControlUITests;
			sourceTree = "<group>";
		};
/* End PBXGroup section */

/* Begin PBXNativeTarget section */
		DA5797D923EFECA400DF4FD9 /* DarkPawControl */ = {
			isa = PBXNativeTarget;
			buildConfigurationList = DA57980723EFECA600DF4FD9 /* Build configuration list for PBXNativeTarget "DarkPawControl" */;
			buildPhases = (
				DFF228367918C5C9FAD4658D /* [CP] Check Pods Manifest.lock */,
				DA5797D623EFECA400DF4FD9 /* Sources */,
				DA5797D723EFECA400DF4FD9 /* Frameworks */,
				DA5797D823EFECA400DF4FD9 /* Resources */,
				43EF46BF7D6852EE47B397A4 /* [CP] Embed Pods Frameworks */,
			);
			buildRules = (
			);
			dependencies = (
			);
			name = DarkPawControl;
			productName = DarkPawControl;
			productReference = DA5797DA23EFECA400DF4FD9 /* DarkPawControl.app */;
			productType = "com.apple.product-type.application";
		};
		DA5797F223EFECA600DF4FD9 /* DarkPawControlTests */ = {
			isa = PBXNativeTarget;
			buildConfigurationList = DA57980A23EFECA600DF4FD9 /* Build configuration list for PBXNativeTarget "DarkPawControlTests" */;
			buildPhases = (
				9724C08979B4A9231754C7D0 /* [CP] Check Pods Manifest.lock */,
				DA5797EF23EFECA600DF4FD9 /* Sources */,
				DA5797F023EFECA600DF4FD9 /* Frameworks */,
				DA5797F123EFECA600DF4FD9 /* Resources */,
			);
			buildRules = (
			);
			dependencies = (
				DA5797F523EFECA600DF4FD9 /* PBXTargetDependency */,
			);
			name = DarkPawControlTests;
			productName = DarkPawControlTests;
			productReference = DA5797F323EFECA600DF4FD9 /* DarkPawControlTests.xctest */;
			productType = "com.apple.product-type.bundle.unit-test";
		};
		DA5797FD23EFECA600DF4FD9 /* DarkPawControlUITests */ = {
			isa = PBXNativeTarget;
			buildConfigurationList = DA57980D23EFECA600DF4FD9 /* Build configuration list for PBXNativeTarget "DarkPawControlUITests" */;
			buildPhases = (
				B0ECA763A94FAE59E8DD4847 /* [CP] Check Pods Manifest.lock */,
				DA5797FA23EFECA600DF4FD9 /* Sources */,
				DA5797FB23EFECA600DF4FD9 /* Frameworks */,
				DA5797FC23EFECA600DF4FD9 /* Resources */,
				5BFFF0B923B4B984156F67FE /* [CP] Embed Pods Frameworks */,
			);
			buildRules = (
			);
			dependencies = (
				DA57980023EFECA600DF4FD9 /* PBXTargetDependency */,
			);
			name = DarkPawControlUITests;
			productName = DarkPawControlUITests;
			productReference = DA5797FE23EFECA600DF4FD9 /* DarkPawControlUITests.xctest */;
			productType = "com.apple.product-type.bundle.ui-testing";
		};
/* End PBXNativeTarget section */

/* Begin PBXProject section */
		DA5797D223EFECA400DF4FD9 /* Project object */ = {
			isa = PBXProject;
			attributes = {
				LastSwiftUpdateCheck = 1130;
				LastUpgradeCheck = 1130;
				ORGANIZATIONNAME = wonlab;
				TargetAttributes = {
					DA5797D923EFECA400DF4FD9 = {
						CreatedOnToolsVersion = 11.3.1;
					};
					DA5797F223EFECA600DF4FD9 = {
						CreatedOnToolsVersion = 11.3.1;
						TestTargetID = DA5797D923EFECA400DF4FD9;
					};
					DA5797FD23EFECA600DF4FD9 = {
						CreatedOnToolsVersion = 11.3.1;
						TestTargetID = DA5797D923EFECA400DF4FD9;
					};
				};
			};
			buildConfigurationList = DA5797D523EFECA400DF4FD9 /* Build configuration list for PBXProject "DarkPawControl" */;
			compatibilityVersion = "Xcode 9.3";
			developmentRegion = en;
			hasScannedForEncodings = 0;
			knownRegions = (
				en,
				Base,
			);
			mainGroup = DA5797D123EFECA400DF4FD9;
			productRefGroup = DA5797DB23EFECA400DF4FD9 /* Products */;
			projectDirPath = "";
			projectRoot = "";
			targets = (
				DA5797D923EFECA400DF4FD9 /* DarkPawControl */,
				DA5797F223EFECA600DF4FD9 /* DarkPawControlTests */,
				DA5797FD23EFECA600DF4FD9 /* DarkPawControlUITests */,
			);
		};
/* End PBXProject section */

/* Begin PBXResourcesBuildPhase section */
		DA5797D823EFECA400DF4FD9 /* Resources */ = {
			isa = PBXResourcesBuildPhase;
			buildActionMask = 2147483647;
			files = (
				DA5797ED23EFECA600DF4FD9 /* LaunchScreen.storyboard in Resources */,
				DA5797EA23EFECA600DF4FD9 /* Assets.xcassets in Resources */,
				DA5797E523EFECA400DF4FD9 /* Main.storyboard in Resources */,
			);
			runOnlyForDeploymentPostprocessing = 0;
		};
		DA5797F123EFECA600DF4FD9 /* Resources */ = {
			isa = PBXResourcesBuildPhase;
			buildActionMask = 2147483647;
			files = (
			);
			runOnlyForDeploymentPostprocessing = 0;
		};
		DA5797FC23EFECA600DF4FD9 /* Resources */ = {
			isa = PBXResourcesBuildPhase;
			buildActionMask = 2147483647;
			files = (
			);
			runOnlyForDeploymentPostprocessing = 0;
		};
/* End PBXResourcesBuildPhase section */

/* Begin PBXShellScriptBuildPhase section */
		43EF46BF7D6852EE47B397A4 /* [CP] Embed Pods Frameworks */ = {
			isa = PBXShellScriptBuildPhase;
			buildActionMask = 2147483647;
			files = (
			);
			inputFileListPaths = (
				"${PODS_ROOT}/Target Support Files/Pods-DarkPawControl/Pods-DarkPawControl-frameworks-${CONFIGURATION}-input-files.xcfilelist",
			);
			name = "[CP] Embed Pods Frameworks";
			outputFileListPaths = (
				"${PODS_ROOT}/Target Support Files/Pods-DarkPawControl/Pods-DarkPawControl-frameworks-${CONFIGURATION}-output-files.xcfilelist",
			);
			runOnlyForDeploymentPostprocessing = 0;
			shellPath = /bin/sh;
			shellScript = "\"${PODS_ROOT}/Target Support Files/Pods-DarkPawControl/Pods-DarkPawControl-frameworks.sh\"\n";
			showEnvVarsInLog = 0;
		};
		5BFFF0B923B4B984156F67FE /* [CP] Embed Pods Frameworks */ = {
			isa = PBXShellScriptBuildPhase;
			buildActionMask = 2147483647;
			files = (
			);
			inputFileListPaths = (
				"${PODS_ROOT}/Target Support Files/Pods-DarkPawControl-DarkPawControlUITests/Pods-DarkPawControl-DarkPawControlUITests-frameworks-${CONFIGURATION}-input-files.xcfilelist",
			);
			name = "[CP] Embed Pods Frameworks";
			outputFileListPaths = (
				"${PODS_ROOT}/Target Support Files/Pods-DarkPawControl-DarkPawControlUITests/Pods-DarkPawControl-DarkPawControlUITests-frameworks-${CONFIGURATION}-output-files.xcfilelist",
			);
			runOnlyForDeploymentPostprocessing = 0;
			shellPath = /bin/sh;
			shellScript = "\"${PODS_ROOT}/Target Support Files/Pods-DarkPawControl-DarkPawControlUITests/Pods-DarkPawControl-DarkPawControlUITests-frameworks.sh\"\n";
			showEnvVarsInLog = 0;
		};
		9724C08979B4A9231754C7D0 /* [CP] Check Pods Manifest.lock */ = {
			isa = PBXShellScriptBuildPhase;
			buildActionMask = 2147483647;
			files = (
			);
			inputFileListPaths = (
			);
			inputPaths = (
				"${PODS_PODFILE_DIR_PATH}/Podfile.lock",
				"${PODS_ROOT}/Manifest.lock",
			);
			name = "[CP] Check Pods Manifest.lock";
			outputFileListPaths = (
			);
			outputPaths = (
				"$(DERIVED_FILE_DIR)/Pods-DarkPawControlTests-checkManifestLockResult.txt",
			);
			runOnlyForDeploymentPostprocessing = 0;
			shellPath = /bin/sh;
			shellScript = "diff \"${PODS_PODFILE_DIR_PATH}/Podfile.lock\" \"${PODS_ROOT}/Manifest.lock\" > /dev/null\nif [ $? != 0 ] ; then\n    # print error to STDERR\n    echo \"error: The sandbox is not in sync with the Podfile.lock. Run 'pod install' or update your CocoaPods installation.\" >&2\n    exit 1\nfi\n# This output is used by Xcode 'outputs' to avoid re-running this script phase.\necho \"SUCCESS\" > \"${SCRIPT_OUTPUT_FILE_0}\"\n";
			showEnvVarsInLog = 0;
		};
		B0ECA763A94FAE59E8DD4847 /* [CP] Check Pods Manifest.lock */ = {
			isa = PBXShellScriptBuildPhase;
			buildActionMask = 2147483647;
			files = (
			);
			inputFileListPaths = (
			);
			inputPaths = (
				"${PODS_PODFILE_DIR_PATH}/Podfile.lock",
				"${PODS_ROOT}/Manifest.lock",
			);
			name = "[CP] Check Pods Manifest.lock";
			outputFileListPaths = (
			);
			outputPaths = (
				"$(DERIVED_FILE_DIR)/Pods-DarkPawControl-DarkPawControlUITests-checkManifestLockResult.txt",
			);
			runOnlyForDeploymentPostprocessing = 0;
			shellPath = /bin/sh;
			shellScript = "diff \"${PODS_PODFILE_DIR_PATH}/Podfile.lock\" \"${PODS_ROOT}/Manifest.lock\" > /dev/null\nif [ $? != 0 ] ; then\n    # print error to STDERR\n    echo \"error: The sandbox is not in sync with the Podfile.lock. Run 'pod install' or update your CocoaPods installation.\" >&2\n    exit 1\nfi\n# This output is used by Xcode 'outputs' to avoid re-running this script phase.\necho \"SUCCESS\" > \"${SCRIPT_OUTPUT_FILE_0}\"\n";
			showEnvVarsInLog = 0;
		};
		DFF228367918C5C9FAD4658D /* [CP] Check Pods Manifest.lock */ = {
			isa = PBXShellScriptBuildPhase;
			buildActionMask = 2147483647;
			files = (
			);
			inputFileListPaths = (
			);
			inputPaths = (
				"${PODS_PODFILE_DIR_PATH}/Podfile.lock",
				"${PODS_ROOT}/Manifest.lock",
			);
			name = "[CP] Check Pods Manifest.lock";
			outputFileListPaths = (
			);
			outputPaths = (
				"$(DERIVED_FILE_DIR)/Pods-DarkPawControl-checkManifestLockResult.txt",
			);
			runOnlyForDeploymentPostprocessing = 0;
			shellPath = /bin/sh;
			shellScript = "diff \"${PODS_PODFILE_DIR_PATH}/Podfile.lock\" \"${PODS_ROOT}/Manifest.lock\" > /dev/null\nif [ $? != 0 ] ; then\n    # print error to STDERR\n    echo \"error: The sandbox is not in sync with the Podfile.lock. Run 'pod install' or update your CocoaPods installation.\" >&2\n    exit 1\nfi\n# This output is used by Xcode 'outputs' to avoid re-running this script phase.\necho \"SUCCESS\" > \"${SCRIPT_OUTPUT_FILE_0}\"\n";
			showEnvVarsInLog = 0;
		};
/* End PBXShellScriptBuildPhase section */

/* Begin PBXSourcesBuildPhase section */
		DA5797D623EFECA400DF4FD9 /* Sources */ = {
			isa = PBXSourcesBuildPhase;
			buildActionMask = 2147483647;
			files = (
				DA5797E223EFECA400DF4FD9 /* ViewController.swift in Sources */,
				DA5797DE23EFECA400DF4FD9 /* AppDelegate.swift in Sources */,
				DA5797E823EFECA400DF4FD9 /* DarkPawControl.xcdatamodeld in Sources */,
				DA5797E023EFECA400DF4FD9 /* SceneDelegate.swift in Sources */,
			);
			runOnlyForDeploymentPostprocessing = 0;
		};
		DA5797EF23EFECA600DF4FD9 /* Sources */ = {
			isa = PBXSourcesBuildPhase;
			buildActionMask = 2147483647;
			files = (
				DA5797F823EFECA600DF4FD9 /* DarkPawControlTests.swift in Sources */,
			);
			runOnlyForDeploymentPostprocessing = 0;
		};
		DA5797FA23EFECA600DF4FD9 /* Sources */ = {
			isa = PBXSourcesBuildPhase;
			buildActionMask = 2147483647;
			files = (
				DA57980323EFECA600DF4FD9 /* DarkPawControlUITests.swift in Sources */,
			);
			runOnlyForDeploymentPostprocessing = 0;
		};
/* End PBXSourcesBuildPhase section */

/* Begin PBXTargetDependency section */
		DA5797F523EFECA600DF4FD9 /* PBXTargetDependency */ = {
			isa = PBXTargetDependency;
			target = DA5797D923EFECA400DF4FD9 /* DarkPawControl */;
			targetProxy = DA5797F423EFECA600DF4FD9 /* PBXContainerItemProxy */;
		};
		DA57980023EFECA600DF4FD9 /* PBXTargetDependency */ = {
			isa = PBXTargetDependency;
			target = DA5797D923EFECA400DF4FD9 /* DarkPawControl */;
			targetProxy = DA5797FF23EFECA600DF4FD9 /* PBXContainerItemProxy */;
		};
/* End PBXTargetDependency section */

/* Begin PBXVariantGroup section */
		DA5797E323EFECA400DF4FD9 /* Main.storyboard */ = {
			isa = PBXVariantGroup;
			children = (
				DA5797E423EFECA400DF4FD9 /* Base */,
			);
			name = Main.storyboard;
			sourceTree = "<group>";
		};
		DA5797EB23EFECA600DF4FD9 /* LaunchScreen.storyboard */ = {
			isa = PBXVariantGroup;
			children = (
				DA5797EC23EFECA600DF4FD9 /* Base */,
			);
			name = LaunchScreen.storyboard;
			sourceTree = "<group>";
		};
/* End PBXVariantGroup section */

/* Begin XCBuildConfiguration section */
		DA57980523EFECA600DF4FD9 /* Debug */ = {
			isa = XCBuildConfiguration;
			buildSettings = {
				ALWAYS_SEARCH_USER_PATHS = NO;
				CLANG_ANALYZER_NONNULL = YES;
				CLANG_ANALYZER_NUMBER_OBJECT_CONVERSION = YES_AGGRESSIVE;
				CLANG_CXX_LANGUAGE_STANDARD = "gnu++14";
				CLANG_CXX_LIBRARY = "libc++";
				CLANG_ENABLE_MODULES = YES;
				CLANG_ENABLE_OBJC_ARC = YES;
				CLANG_ENABLE_OBJC_WEAK = YES;
				CLANG_WARN_BLOCK_CAPTURE_AUTORELEASING = YES;
				CLANG_WARN_BOOL_CONVERSION = YES;
				CLANG_WARN_COMMA = YES;
				CLANG_WARN_CONSTANT_CONVERSION = YES;
				CLANG_WARN_DEPRECATED_OBJC_IMPLEMENTATIONS = YES;
				CLANG_WARN_DIRECT_OBJC_ISA_USAGE = YES_ERROR;
				CLANG_WARN_DOCUMENTATION_COMMENTS = YES;
				CLANG_WARN_EMPTY_BODY = YES;
				CLANG_WARN_ENUM_CONVERSION = YES;
				CLANG_WARN_INFINITE_RECURSION = YES;
				CLANG_WARN_INT_CONVERSION = YES;
				CLANG_WARN_NON_LITERAL_NULL_CONVERSION = YES;
				CLANG_WARN_OBJC_IMPLICIT_RETAIN_SELF = YES;
				CLANG_WARN_OBJC_LITERAL_CONVERSION = YES;
				CLANG_WARN_OBJC_ROOT_CLASS = YES_ERROR;
				CLANG_WARN_RANGE_LOOP_ANALYSIS = YES;
				CLANG_WARN_STRICT_PROTOTYPES = YES;
				CLANG_WARN_SUSPICIOUS_MOVE = YES;
				CLANG_WARN_UNGUARDED_AVAILABILITY = YES_AGGRESSIVE;
				CLANG_WARN_UNREACHABLE_CODE = YES;
				CLANG_WARN__DUPLICATE_METHOD_MATCH = YES;
				COPY_PHASE_STRIP = NO;
				DEBUG_INFORMATION_FORMAT = dwarf;
				ENABLE_STRICT_OBJC_MSGSEND = YES;
				ENABLE_TESTABILITY = YES;
				GCC_C_LANGUAGE_STANDARD = gnu11;
				GCC_DYNAMIC_NO_PIC = NO;
				GCC_NO_COMMON_BLOCKS = YES;
				GCC_OPTIMIZATION_LEVEL = 0;
				GCC_PREPROCESSOR_DEFINITIONS = (
					"DEBUG=1",
					"$(inherited)",
				);
				GCC_WARN_64_TO_32_BIT_CONVERSION = YES;
				GCC_WARN_ABOUT_RETURN_TYPE = YES_ERROR;
				GCC_WARN_UNDECLARED_SELECTOR = YES;
				GCC_WARN_UNINITIALIZED_AUTOS = YES_AGGRESSIVE;
				GCC_WARN_UNUSED_FUNCTION = YES;
				GCC_WARN_UNUSED_VARIABLE = YES;
				IPHONEOS_DEPLOYMENT_TARGET = 13.2;
				MTL_ENABLE_DEBUG_INFO = INCLUDE_SOURCE;
				MTL_FAST_MATH = YES;
				ONLY_ACTIVE_ARCH = YES;
				SDKROOT = iphoneos;
				SWIFT_ACTIVE_COMPILATION_CONDITIONS = DEBUG;
				SWIFT_OPTIMIZATION_LEVEL = "-Onone";
			};
			name = Debug;
		};
		DA57980623EFECA600DF4FD9 /* Release */ = {
			isa = XCBuildConfiguration;
			buildSettings = {
				ALWAYS_SEARCH_USER_PATHS = NO;
				CLANG_ANALYZER_NONNULL = YES;
				CLANG_ANALYZER_NUMBER_OBJECT_CONVERSION = YES_AGGRESSIVE;
				CLANG_CXX_LANGUAGE_STANDARD = "gnu++14";
				CLANG_CXX_LIBRARY = "libc++";
				CLANG_ENABLE_MODULES = YES;
				CLANG_ENABLE_OBJC_ARC = YES;
				CLANG_ENABLE_OBJC_WEAK = YES;
				CLANG_WARN_BLOCK_CAPTURE_AUTORELEASING = YES;
				CLANG_WARN_BOOL_CONVERSION = YES;
				CLANG_WARN_COMMA = YES;
				CLANG_WARN_CONSTANT_CONVERSION = YES;
				CLANG_WARN_DEPRECATED_OBJC_IMPLEMENTATIONS = YES;
				CLANG_WARN_DIRECT_OBJC_ISA_USAGE = YES_ERROR;
				CLANG_WARN_DOCUMENTATION_COMMENTS = YES;
				CLANG_WARN_EMPTY_BODY = YES;
				CLANG_WARN_ENUM_CONVERSION = YES;
				CLANG_WARN_INFINITE_RECURSION = YES;
				CLANG_WARN_INT_CONVERSION = YES;
				CLANG_WARN_NON_LITERAL_NULL_CONVERSION = YES;
				CLANG_WARN_OBJC_IMPLICIT_RETAIN_SELF = YES;
				CLANG_WARN_OBJC_LITERAL_CONVERSION = YES;
				CLANG_WARN_OBJC_ROOT_CLASS = YES_ERROR;
				CLANG_WARN_RANGE_LOOP_ANALYSIS = YES;
				CLANG_WARN_STRICT_PROTOTYPES = YES;
				CLANG_WARN_SUSPICIOUS_MOVE = YES;
				CLANG_WARN_UNGUARDED_AVAILABILITY = YES_AGGRESSIVE;
				CLANG_WARN_UNREACHABLE_CODE = YES;
				CLANG_WARN__DUPLICATE_METHOD_MATCH = YES;
				COPY_PHASE_STRIP = NO;
				DEBUG_INFORMATION_FORMAT = "dwarf-with-dsym";
				ENABLE_NS_ASSERTIONS = NO;
				ENABLE_STRICT_OBJC_MSGSEND = YES;
				GCC_C_LANGUAGE_STANDARD = gnu11;
				GCC_NO_COMMON_BLOCKS = YES;
				GCC_WARN_64_TO_32_BIT_CONVERSION = YES;
				GCC_WARN_ABOUT_RETURN_TYPE = YES_ERROR;
				GCC_WARN_UNDECLARED_SELECTOR = YES;
				GCC_WARN_UNINITIALIZED_AUTOS = YES_AGGRESSIVE;
				GCC_WARN_UNUSED_FUNCTION = YES;
				GCC_WARN_UNUSED_VARIABLE = YES;
				IPHONEOS_DEPLOYMENT_TARGET = 13.2;
				MTL_ENABLE_DEBUG_INFO = NO;
				MTL_FAST_MATH = YES;
				SDKROOT = iphoneos;
				SWIFT_COMPILATION_MODE = wholemodule;
				SWIFT_OPTIMIZATION_LEVEL = "-O";
				VALIDATE_PRODUCT = YES;
			};
			name = Release;
		};
		DA57980823EFECA600DF4FD9 /* Debug */ = {
			isa = XCBuildConfiguration;
			baseConfigurationReference = 661C6D32369A2985DD3495CD /* Pods-DarkPawControl.debug.xcconfig */;
			buildSettings = {
				ASSETCATALOG_COMPILER_APPICON_NAME = AppIcon;
				CODE_SIGN_ENTITLEMENTS = DarkPawControl/DarkPawControl.entitlements;
				CODE_SIGN_STYLE = Automatic;
				INFOPLIST_FILE = DarkPawControl/Info.plist;
				LD_RUNPATH_SEARCH_PATHS = (
					"$(inherited)",
					"@executable_path/Frameworks",
				);
				PRODUCT_BUNDLE_IDENTIFIER = com.wonlab.app.ios.DarkPawControl;
				PRODUCT_NAME = "$(TARGET_NAME)";
				SWIFT_VERSION = 5.0;
				TARGETED_DEVICE_FAMILY = "1,2";
			};
			name = Debug;
		};
		DA57980923EFECA600DF4FD9 /* Release */ = {
			isa = XCBuildConfiguration;
			baseConfigurationReference = 868283BEF257FEBE6AC69F55 /* Pods-DarkPawControl.release.xcconfig */;
			buildSettings = {
				ASSETCATALOG_COMPILER_APPICON_NAME = AppIcon;
				CODE_SIGN_ENTITLEMENTS = DarkPawControl/DarkPawControl.entitlements;
				CODE_SIGN_STYLE = Automatic;
				INFOPLIST_FILE = DarkPawControl/Info.plist;
				LD_RUNPATH_SEARCH_PATHS = (
					"$(inherited)",
					"@executable_path/Frameworks",
				);
				PRODUCT_BUNDLE_IDENTIFIER = com.wonlab.app.ios.DarkPawControl;
				PRODUCT_NAME = "$(TARGET_NAME)";
				SWIFT_VERSION = 5.0;
				TARGETED_DEVICE_FAMILY = "1,2";
			};
			name = Release;
		};
		DA57980B23EFECA600DF4FD9 /* Debug */ = {
			isa = XCBuildConfiguration;
			baseConfigurationReference = 8F7377B7EA4C1C62EB9C0044 /* Pods-DarkPawControlTests.debug.xcconfig */;
			buildSettings = {
				ALWAYS_EMBED_SWIFT_STANDARD_LIBRARIES = YES;
				BUNDLE_LOADER = "$(TEST_HOST)";
				CODE_SIGN_STYLE = Automatic;
				INFOPLIST_FILE = DarkPawControlTests/Info.plist;
				IPHONEOS_DEPLOYMENT_TARGET = 13.2;
				LD_RUNPATH_SEARCH_PATHS = (
					"$(inherited)",
					"@executable_path/Frameworks",
					"@loader_path/Frameworks",
				);
				PRODUCT_BUNDLE_IDENTIFIER = com.wonlab.app.ios.DarkPawControlTests;
				PRODUCT_NAME = "$(TARGET_NAME)";
				SWIFT_VERSION = 5.0;
				TARGETED_DEVICE_FAMILY = "1,2";
				TEST_HOST = "$(BUILT_PRODUCTS_DIR)/DarkPawControl.app/DarkPawControl";
			};
			name = Debug;
		};
		DA57980C23EFECA600DF4FD9 /* Release */ = {
			isa = XCBuildConfiguration;
			baseConfigurationReference = 91CEBF5EEE1D0213C3B8AC14 /* Pods-DarkPawControlTests.release.xcconfig */;
			buildSettings = {
				ALWAYS_EMBED_SWIFT_STANDARD_LIBRARIES = YES;
				BUNDLE_LOADER = "$(TEST_HOST)";
				CODE_SIGN_STYLE = Automatic;
				INFOPLIST_FILE = DarkPawControlTests/Info.plist;
				IPHONEOS_DEPLOYMENT_TARGET = 13.2;
				LD_RUNPATH_SEARCH_PATHS = (
					"$(inherited)",
					"@executable_path/Frameworks",
					"@loader_path/Frameworks",
				);
				PRODUCT_BUNDLE_IDENTIFIER = com.wonlab.app.ios.DarkPawControlTests;
				PRODUCT_NAME = "$(TARGET_NAME)";
				SWIFT_VERSION = 5.0;
				TARGETED_DEVICE_FAMILY = "1,2";
				TEST_HOST = "$(BUILT_PRODUCTS_DIR)/DarkPawControl.app/DarkPawControl";
			};
			name = Release;
		};
		DA57980E23EFECA600DF4FD9 /* Debug */ = {
			isa = XCBuildConfiguration;
			baseConfigurationReference = 4D8650619820A16D08D7C227 /* Pods-DarkPawControl-DarkPawControlUITests.debug.xcconfig */;
			buildSettings = {
				ALWAYS_EMBED_SWIFT_STANDARD_LIBRARIES = YES;
				CODE_SIGN_STYLE = Automatic;
				INFOPLIST_FILE = DarkPawControlUITests/Info.plist;
				LD_RUNPATH_SEARCH_PATHS = (
					"$(inherited)",
					"@executable_path/Frameworks",
					"@loader_path/Frameworks",
				);
				PRODUCT_BUNDLE_IDENTIFIER = com.wonlab.app.ios.DarkPawControlUITests;
				PRODUCT_NAME = "$(TARGET_NAME)";
				SWIFT_VERSION = 5.0;
				TARGETED_DEVICE_FAMILY = "1,2";
				TEST_TARGET_NAME = DarkPawControl;
			};
			name = Debug;
		};
		DA57980F23EFECA600DF4FD9 /* Release */ = {
			isa = XCBuildConfiguration;
			baseConfigurationReference = 29C35DA62CFF627DE9D9AFF7 /* Pods-DarkPawControl-DarkPawControlUITests.release.xcconfig */;
			buildSettings = {
				ALWAYS_EMBED_SWIFT_STANDARD_LIBRARIES = YES;
				CODE_SIGN_STYLE = Automatic;
				INFOPLIST_FILE = DarkPawControlUITests/Info.plist;
				LD_RUNPATH_SEARCH_PATHS = (
					"$(inherited)",
					"@executable_path/Frameworks",
					"@loader_path/Frameworks",
				);
				PRODUCT_BUNDLE_IDENTIFIER = com.wonlab.app.ios.DarkPawControlUITests;
				PRODUCT_NAME = "$(TARGET_NAME)";
				SWIFT_VERSION = 5.0;
				TARGETED_DEVICE_FAMILY = "1,2";
				TEST_TARGET_NAME = DarkPawControl;
			};
			name = Release;
		};
/* End XCBuildConfiguration section */

/* Begin XCConfigurationList section */
		DA5797D523EFECA400DF4FD9 /* Build configuration list for PBXProject "DarkPawControl" */ = {
			isa = XCConfigurationList;
			buildConfigurations = (
				DA57980523EFECA600DF4FD9 /* Debug */,
				DA57980623EFECA600DF4FD9 /* Release */,
			);
			defaultConfigurationIsVisible = 0;
			defaultConfigurationName = Release;
		};
		DA57980723EFECA600DF4FD9 /* Build configuration list for PBXNativeTarget "DarkPawControl" */ = {
			isa = XCConfigurationList;
			buildConfigurations = (
				DA57980823EFECA600DF4FD9 /* Debug */,
				DA57980923EFECA600DF4FD9 /* Release */,
			);
			defaultConfigurationIsVisible = 0;
			defaultConfigurationName = Release;
		};
		DA57980A23EFECA600DF4FD9 /* Build configuration list for PBXNativeTarget "DarkPawControlTests" */ = {
			isa = XCConfigurationList;
			buildConfigurations = (
				DA57980B23EFECA600DF4FD9 /* Debug */,
				DA57980C23EFECA600DF4FD9 /* Release */,
			);
			defaultConfigurationIsVisible = 0;
			defaultConfigurationName = Release;
		};
		DA57980D23EFECA600DF4FD9 /* Build configuration list for PBXNativeTarget "DarkPawControlUITests" */ = {
			isa = XCConfigurationList;
			buildConfigurations = (
				DA57980E23EFECA600DF4FD9 /* Debug */,
				DA57980F23EFECA600DF4FD9 /* Release */,
			);
			defaultConfigurationIsVisible = 0;
			defaultConfigurationName = Release;
		};
/* End XCConfigurationList section */

/* Begin XCVersionGroup section */
		DA5797E623EFECA400DF4FD9 /* DarkPawControl.xcdatamodeld */ = {
			isa = XCVersionGroup;
			children = (
				DA5797E723EFECA400DF4FD9 /* DarkPawControl.xcdatamodel */,
			);
			currentVersion = DA5797E723EFECA400DF4FD9 /* DarkPawControl.xcdatamodel */;
			path = DarkPawControl.xcdatamodeld;
			sourceTree = "<group>";
			versionGroupType = wrapper.xcdatamodel;
		};
/* End XCVersionGroup section */
	};
	rootObject = DA5797D223EFECA400DF4FD9 /* Project object */;
}
